
Microsoft Visual Studio Solution File, Format Version 12.00
# Visual Studio Version 17
VisualStudioVersion = 17.14.37216.2 d17.14
MinimumVisualStudioVersion = 10.0.40219.1
Project("{FAE04EC0-301F-11D3-BF4B-00C04F79EFBC}") = "DataBaseAPI", "DataBaseAPI.csproj", "{10D298DA-33C4-47D3-A7A2-4D8B10CE6904}"
EndProject
Global
	GlobalSection(SolutionConfigurationPlatforms) = preSolution
		Debug|Any CPU = Debug|Any CPU
		Release|Any CPU = Release|Any CPU
	EndGlobalSection
	GlobalSection(ProjectConfigurationPlatforms) = postSolution
		{10D298DA-33C4-47D3-A7A2-4D8B10CE6904}.Debug|Any CPU.ActiveCfg = Debug|Any CPU
		{10D298DA-33C4-47D3-A7A2-4D8B10CE6904}.Debug|Any CPU.Build.0 = Debug|Any CPU
		{10D298DA-33C4-47D3-A7A2-4D8B10CE6904}.Release|Any CPU.ActiveCfg = Release|Any CPU
		{10D298DA-33C4-47D3-A7A2-4D8B10CE6904}.Release|Any CPU.Build.0 = Release|Any CPU
	EndGlobalSection
	GlobalSection(SolutionProperties) = preSolution
		HideSolutionNode = FALSE
	EndGlobalSection
	GlobalSection(ExtensibilityGlobals) = postSolution
		SolutionGuid = {23620991-ED7E-4C72-8B76-85176ED9C9CE}
	EndGlobalSection
EndGlobal
