
Microsoft Visual Studio Solution File, Format Version 12.00
# Visual Studio Version 17
VisualStudioVersion = 17.14.37216.2 d17.14
MinimumVisualStudioVersion = 10.0.40219.1
Project("{FAE04EC0-301F-11D3-BF4B-00C04F79EFBC}") = "PhoneNotice", "PhoneNotice.csproj", "{606D71B0-EBEE-495D-8A3B-22BA8556BA25}"
EndProject
Global
	GlobalSection(SolutionConfigurationPlatforms) = preSolution
		Debug|Any CPU = Debug|Any CPU
		Release|Any CPU = Release|Any CPU
	EndGlobalSection
	GlobalSection(ProjectConfigurationPlatforms) = postSolution
		{606D71B0-EBEE-495D-8A3B-22BA8556BA25}.Debug|Any CPU.ActiveCfg = Debug|Any CPU
		{606D71B0-EBEE-495D-8A3B-22BA8556BA25}.Debug|Any CPU.Build.0 = Debug|Any CPU
		{606D71B0-EBEE-495D-8A3B-22BA8556BA25}.Release|Any CPU.ActiveCfg = Release|Any CPU
		{606D71B0-EBEE-495D-8A3B-22BA8556BA25}.Release|Any CPU.Build.0 = Release|Any CPU
	EndGlobalSection
	GlobalSection(SolutionProperties) = preSolution
		HideSolutionNode = FALSE
	EndGlobalSection
	GlobalSection(ExtensibilityGlobals) = postSolution
		SolutionGuid = {BCAEBD8B-BD50-408E-80BD-2BEF6945E032}
	EndGlobalSection
EndGlobal
